{
  "name": "purescript-routing-duplex-variant",
  "version": "0.1.0",
  "lockfileVersion": 2,
  "requires": true,
  "packages": {
    "": {
      "name": "purescript-routing-duplex-variant",
      "version": "0.1.0",
      "license": "BSD-3-Clause",
      "devDependencies": {
        "paluh-litps": "^0.1.4"
      }
    },
    "node_modules/paluh-litps": {
      "version": "0.1.4",
      "resolved": "https://registry.npmjs.org/paluh-litps/-/paluh-litps-0.1.4.tgz",
      "integrity": "sha512-tMjHYdzX9KyrP9EEnXUg9LnaxdHLpwT+yXZeHRltQoY6H/JSzYYyLxNtwEkFuOEFkALf3fAUwhuy3KEks0WPNA==",
      "dev": true,
      "bin": {
        "paluh-litps": "index.js"
      }
    }
  },
  "dependencies": {
    "paluh-litps": {
      "version": "0.1.4",
      "resolved": "https://registry.npmjs.org/paluh-litps/-/paluh-litps-0.1.4.tgz",
      "integrity": "sha512-tMjHYdzX9KyrP9EEnXUg9LnaxdHLpwT+yXZeHRltQoY6H/JSzYYyLxNtwEkFuOEFkALf3fAUwhuy3KEks0WPNA==",
      "dev": true
    }
  }
}
